
Microsoft Visual Studio Solution File, Format Version 12.00
# Visual Studio Version 17
VisualStudioVersion = 17.1.32319.34
MinimumVisualStudioVersion = 10.0.40219.1
Project("{FAE04EC0-301F-11D3-BF4B-00C04F79EFBC}") = "NotatnikApp.Android", "NotatnikApp\NotatnikApp.Android\NotatnikApp.Android.csproj", "{6953735A-35EF-428D-93D6-4054F5C88390}"
EndProject
Project("{FAE04EC0-301F-11D3-BF4B-00C04F79EFBC}") = "NotatnikApp.iOS", "NotatnikApp\NotatnikApp.iOS\NotatnikApp.iOS.csproj", "{70451723-53D3-464F-B9A1-B01ACF07698D}"
EndProject
Project("{FAE04EC0-301F-11D3-BF4B-00C04F79EFBC}") = "NotatnikApp", "NotatnikApp\NotatnikApp\NotatnikApp.csproj", "{8AC98E07-02E1-43C4-86D6-CAEED831143D}"
EndProject
Global
	GlobalSection(SolutionConfigurationPlatforms) = preSolution
		Debug|Any CPU = Debug|Any CPU
		Debug|iPhone = Debug|iPhone
		Debug|iPhoneSimulator = Debug|iPhoneSimulator
		Release|Any CPU = Release|Any CPU
		Release|iPhone = Release|iPhone
		Release|iPhoneSimulator = Release|iPhoneSimulator
	EndGlobalSection
	GlobalSection(ProjectConfigurationPlatforms) = postSolution
		{6953735A-35EF-428D-93D6-4054F5C88390}.Debug|Any CPU.ActiveCfg = Debug|Any CPU
		{6953735A-35EF-428D-93D6-4054F5C88390}.Debug|Any CPU.Build.0 = Debug|Any CPU
		{6953735A-35EF-428D-93D6-4054F5C88390}.Debug|Any CPU.Deploy.0 = Debug|Any CPU
		{6953735A-35EF-428D-93D6-4054F5C88390}.Debug|iPhone.ActiveCfg = Debug|Any CPU
		{6953735A-35EF-428D-93D6-4054F5C88390}.Debug|iPhone.Build.0 = Debug|Any CPU
		{6953735A-35EF-428D-93D6-4054F5C88390}.Debug|iPhone.Deploy.0 = Debug|Any CPU
		{6953735A-35EF-428D-93D6-4054F5C88390}.Debug|iPhoneSimulator.ActiveCfg = Debug|Any CPU
		{6953735A-35EF-428D-93D6-4054F5C88390}.Debug|iPhoneSimulator.Build.0 = Debug|Any CPU
		{6953735A-35EF-428D-93D6-4054F5C88390}.Debug|iPhoneSimulator.Deploy.0 = Debug|Any CPU
		{6953735A-35EF-428D-93D6-4054F5C88390}.Release|Any CPU.ActiveCfg = Release|Any CPU
		{6953735A-35EF-428D-93D6-4054F5C88390}.Release|Any CPU.Build.0 = Release|Any CPU
		{6953735A-35EF-428D-93D6-4054F5C88390}.Release|Any CPU.Deploy.0 = Release|Any CPU
		{6953735A-35EF-428D-93D6-4054F5C88390}.Release|iPhone.ActiveCfg = Release|Any CPU
		{6953735A-35EF-428D-93D6-4054F5C88390}.Release|iPhone.Build.0 = Release|Any CPU
		{6953735A-35EF-428D-93D6-4054F5C88390}.Release|iPhone.Deploy.0 = Release|Any CPU
		{6953735A-35EF-428D-93D6-4054F5C88390}.Release|iPhoneSimulator.ActiveCfg = Release|Any CPU
		{6953735A-35EF-428D-93D6-4054F5C88390}.Release|iPhoneSimulator.Build.0 = Release|Any CPU
		{6953735A-35EF-428D-93D6-4054F5C88390}.Release|iPhoneSimulator.Deploy.0 = Release|Any CPU
		{70451723-53D3-464F-B9A1-B01ACF07698D}.Debug|Any CPU.ActiveCfg = Debug|iPhone
		{70451723-53D3-464F-B9A1-B01ACF07698D}.Debug|Any CPU.Build.0 = Debug|iPhone
		{70451723-53D3-464F-B9A1-B01ACF07698D}.Debug|Any CPU.Deploy.0 = Debug|iPhone
		{70451723-53D3-464F-B9A1-B01ACF07698D}.Debug|iPhone.ActiveCfg = Debug|iPhone
		{70451723-53D3-464F-B9A1-B01ACF07698D}.Debug|iPhone.Build.0 = Debug|iPhone
		{70451723-53D3-464F-B9A1-B01ACF07698D}.Debug|iPhone.Deploy.0 = Debug|iPhone
		{70451723-53D3-464F-B9A1-B01ACF07698D}.Debug|iPhoneSimulator.ActiveCfg = Debug|iPhoneSimulator
		{70451723-53D3-464F-B9A1-B01ACF07698D}.Debug|iPhoneSimulator.Build.0 = Debug|iPhoneSimulator
		{70451723-53D3-464F-B9A1-B01ACF07698D}.Debug|iPhoneSimulator.Deploy.0 = Debug|iPhoneSimulator
		{70451723-53D3-464F-B9A1-B01ACF07698D}.Release|Any CPU.ActiveCfg = Release|iPhoneSimulator
		{70451723-53D3-464F-B9A1-B01ACF07698D}.Release|Any CPU.Build.0 = Release|iPhoneSimulator
		{70451723-53D3-464F-B9A1-B01ACF07698D}.Release|Any CPU.Deploy.0 = Release|iPhoneSimulator
		{70451723-53D3-464F-B9A1-B01ACF07698D}.Release|iPhone.ActiveCfg = Release|iPhone
		{70451723-53D3-464F-B9A1-B01ACF07698D}.Release|iPhone.Build.0 = Release|iPhone
		{70451723-53D3-464F-B9A1-B01ACF07698D}.Release|iPhone.Deploy.0 = Release|iPhone
		{70451723-53D3-464F-B9A1-B01ACF07698D}.Release|iPhoneSimulator.ActiveCfg = Release|iPhoneSimulator
		{70451723-53D3-464F-B9A1-B01ACF07698D}.Release|iPhoneSimulator.Build.0 = Release|iPhoneSimulator
		{70451723-53D3-464F-B9A1-B01ACF07698D}.Release|iPhoneSimulator.Deploy.0 = Release|iPhoneSimulator
		{8AC98E07-02E1-43C4-86D6-CAEED831143D}.Debug|Any CPU.ActiveCfg = Debug|Any CPU
		{8AC98E07-02E1-43C4-86D6-CAEED831143D}.Debug|Any CPU.Build.0 = Debug|Any CPU
		{8AC98E07-02E1-43C4-86D6-CAEED831143D}.Debug|Any CPU.Deploy.0 = Debug|Any CPU
		{8AC98E07-02E1-43C4-86D6-CAEED831143D}.Debug|iPhone.ActiveCfg = Debug|Any CPU
		{8AC98E07-02E1-43C4-86D6-CAEED831143D}.Debug|iPhone.Build.0 = Debug|Any CPU
		{8AC98E07-02E1-43C4-86D6-CAEED831143D}.Debug|iPhone.Deploy.0 = Debug|Any CPU
		{8AC98E07-02E1-43C4-86D6-CAEED831143D}.Debug|iPhoneSimulator.ActiveCfg = Debug|Any CPU
		{8AC98E07-02E1-43C4-86D6-CAEED831143D}.Debug|iPhoneSimulator.Build.0 = Debug|Any CPU
		{8AC98E07-02E1-43C4-86D6-CAEED831143D}.Debug|iPhoneSimulator.Deploy.0 = Debug|Any CPU
		{8AC98E07-02E1-43C4-86D6-CAEED831143D}.Release|Any CPU.ActiveCfg = Release|Any CPU
		{8AC98E07-02E1-43C4-86D6-CAEED831143D}.Release|Any CPU.Build.0 = Release|Any CPU
		{8AC98E07-02E1-43C4-86D6-CAEED831143D}.Release|Any CPU.Deploy.0 = Release|Any CPU
		{8AC98E07-02E1-43C4-86D6-CAEED831143D}.Release|iPhone.ActiveCfg = Release|Any CPU
		{8AC98E07-02E1-43C4-86D6-CAEED831143D}.Release|iPhone.Build.0 = Release|Any CPU
		{8AC98E07-02E1-43C4-86D6-CAEED831143D}.Release|iPhone.Deploy.0 = Release|Any CPU
		{8AC98E07-02E1-43C4-86D6-CAEED831143D}.Release|iPhoneSimulator.ActiveCfg = Release|Any CPU
		{8AC98E07-02E1-43C4-86D6-CAEED831143D}.Release|iPhoneSimulator.Build.0 = Release|Any CPU
		{8AC98E07-02E1-43C4-86D6-CAEED831143D}.Release|iPhoneSimulator.Deploy.0 = Release|Any CPU
	EndGlobalSection
	GlobalSection(SolutionProperties) = preSolution
		HideSolutionNode = FALSE
	EndGlobalSection
	GlobalSection(ExtensibilityGlobals) = postSolution
		SolutionGuid = {1F3A580F-867F-4FAF-81A5-D845ADB5B3BA}
	EndGlobalSection
EndGlobal
