
Microsoft Visual Studio Solution File, Format Version 12.00
# Visual Studio Version 17
VisualStudioVersion = 17.1.32319.34
MinimumVisualStudioVersion = 10.0.40219.1
Project("{FAE04EC0-301F-11D3-BF4B-00C04F79EFBC}") = "notatnikApi", "notatnikApi\notatnikApi.csproj", "{F489083A-59EC-457F-89C0-23DEA9762F86}"
EndProject
Global
	GlobalSection(SolutionConfigurationPlatforms) = preSolution
		Debug|Any CPU = Debug|Any CPU
		Release|Any CPU = Release|Any CPU
	EndGlobalSection
	GlobalSection(ProjectConfigurationPlatforms) = postSolution
		{F489083A-59EC-457F-89C0-23DEA9762F86}.Debug|Any CPU.ActiveCfg = Debug|Any CPU
		{F489083A-59EC-457F-89C0-23DEA9762F86}.Debug|Any CPU.Build.0 = Debug|Any CPU
		{F489083A-59EC-457F-89C0-23DEA9762F86}.Release|Any CPU.ActiveCfg = Release|Any CPU
		{F489083A-59EC-457F-89C0-23DEA9762F86}.Release|Any CPU.Build.0 = Release|Any CPU
	EndGlobalSection
	GlobalSection(SolutionProperties) = preSolution
		HideSolutionNode = FALSE
	EndGlobalSection
	GlobalSection(ExtensibilityGlobals) = postSolution
		SolutionGuid = {0D639C0F-1EE4-483F-8B1A-C6980F8D039F}
	EndGlobalSection
EndGlobal
